# THIS IS AN AUTOGENERATED FILE. DO NOT EDIT THIS FILE DIRECTLY.
# yarn lockfile v1


"@types/cheerio@^0.22.14":
  version "0.22.24"
  resolved "https://npm.oneitfarm.com/@types%2fcheerio/-/cheerio-0.22.24.tgz#fcee47074aa221ac0f31ede0c72c0800bf3bf0aa"
  integrity sha1-/O5HB0qiIawPMe3gxywIAL878Ko=
  dependencies:
    "@types/node" "*"

"@types/cookiejar@*":
  version "2.1.2"
  resolved "https://npm.oneitfarm.com/@types%2fcookiejar/-/cookiejar-2.1.2.tgz#66ad9331f63fe8a3d3d9d8c6e3906dd10f6446e8"
  integrity sha1-Zq2TMfY/6KPT2djG45Bt0Q9kRug=

"@types/node@*":
  version "14.14.26"
  resolved "https://npm.oneitfarm.com/@types%2fnode/-/node-14.14.26.tgz#e40df24c957568f350cca04e63bfb1e1556d1cbf"
  integrity sha1-5A3yTJV1aPNQzKBOY7+x4VVtHL8=

"@types/superagent@^4.1.4":
  version "4.1.10"
  resolved "https://npm.oneitfarm.com/@types%2fsuperagent/-/superagent-4.1.10.tgz#5e2cc721edf58f64fe9b819f326ee74803adee86"
  integrity sha1-XizHIe31j2T+m4GfMm7nSAOt7oY=
  dependencies:
    "@types/cookiejar" "*"
    "@types/node" "*"

arg@^4.1.0:
  version "4.1.3"
  resolved "https://npm.oneitfarm.com/arg/-/arg-4.1.3.tgz#269fc7ad5b8e42cb63c896d5666017261c144089"
  integrity sha1-Jp/HrVuOQstjyJbVZmAXJhwUQIk=

asynckit@^0.4.0:
  version "0.4.0"
  resolved "https://npm.oneitfarm.com/asynckit/-/asynckit-0.4.0.tgz#c79ed97f7f34cb8f2ba1bc9790bcc366474b4b79"
  integrity sha1-x57Zf380y48robyXkLzDZkdLS3k=

boolbase@^1.0.0:
  version "1.0.0"
  resolved "https://npm.oneitfarm.com/boolbase/-/boolbase-1.0.0.tgz#68dff5fbe60c51eb37725ea9e3ed310dcc1e776e"
  integrity sha1-aN/1++YMUes3cl6p4+0xDcwed24=

buffer-from@^1.0.0:
  version "1.1.1"
  resolved "https://npm.oneitfarm.com/buffer-from/-/buffer-from-1.1.1.tgz#32713bc028f75c02fdb710d7c7bcec1f2c6070ef"
  integrity sha512-MQcXEUbCKtEo7bhqEs6560Hyd4XaovZlO/k9V3hjVUF/zwW7KBVdSK4gIt/bzwS9MbR5qob+F5jusZsb0YQK2A==

cheerio-select-tmp@^0.1.0:
  version "0.1.1"
  resolved "https://npm.oneitfarm.com/cheerio-select-tmp/-/cheerio-select-tmp-0.1.1.tgz#55bbef02a4771710195ad736d5e346763ca4e646"
  integrity sha1-VbvvAqR3FxAZWtc21eNGdjyk5kY=
  dependencies:
    css-select "^3.1.2"
    css-what "^4.0.0"
    domelementtype "^2.1.0"
    domhandler "^4.0.0"
    domutils "^2.4.4"

cheerio@^1.0.0-rc.3:
  version "1.0.0-rc.5"
  resolved "https://npm.oneitfarm.com/cheerio/-/cheerio-1.0.0-rc.5.tgz#88907e1828674e8f9fee375188b27dadd4f0fa2f"
  integrity sha1-iJB+GChnTo+f7jdRiLJ9rdTw+i8=
  dependencies:
    cheerio-select-tmp "^0.1.0"
    dom-serializer "~1.2.0"
    domhandler "^4.0.0"
    entities "~2.1.0"
    htmlparser2 "^6.0.0"
    parse5 "^6.0.0"
    parse5-htmlparser2-tree-adapter "^6.0.0"

combined-stream@^1.0.8:
  version "1.0.8"
  resolved "https://npm.oneitfarm.com/combined-stream/-/combined-stream-1.0.8.tgz#c3d45a8b34fd730631a110a8a2520682b31d5a7f"
  integrity sha1-w9RaizT9cwYxoRCoolIGgrMdWn8=
  dependencies:
    delayed-stream "~1.0.0"

component-emitter@^1.3.0:
  version "1.3.0"
  resolved "https://npm.oneitfarm.com/component-emitter/-/component-emitter-1.3.0.tgz#16e4070fba8ae29b679f2215853ee181ab2eabc0"
  integrity sha1-FuQHD7qK4ptnnyIVhT7hgasuq8A=

cookiejar@^2.1.2:
  version "2.1.2"
  resolved "https://npm.oneitfarm.com/cookiejar/-/cookiejar-2.1.2.tgz#dd8a235530752f988f9a0844f3fc589e3111125c"
  integrity sha512-Mw+adcfzPxcPeI+0WlvRrr/3lGVO0bD75SxX6811cxSh1Wbxx7xZBGK1eVtDf6si8rg2lhnUjsVLMFMfbRIuwA==

css-select@^3.1.2:
  version "3.1.2"
  resolved "https://npm.oneitfarm.com/css-select/-/css-select-3.1.2.tgz#d52cbdc6fee379fba97fb0d3925abbd18af2d9d8"
  integrity sha1-1Sy9xv7jefupf7DTklq70Yry2dg=
  dependencies:
    boolbase "^1.0.0"
    css-what "^4.0.0"
    domhandler "^4.0.0"
    domutils "^2.4.3"
    nth-check "^2.0.0"

css-what@^4.0.0:
  version "4.0.0"
  resolved "https://npm.oneitfarm.com/css-what/-/css-what-4.0.0.tgz#35e73761cab2eeb3d3661126b23d7aa0e8432233"
  integrity sha1-Nec3Ycqy7rPTZhEmsj16oOhDIjM=

debug@^4.1.1:
  version "4.3.1"
  resolved "https://npm.oneitfarm.com/debug/-/debug-4.3.1.tgz#f0d229c505e0c6d8c49ac553d1b13dc183f6b2ee"
  integrity sha1-8NIpxQXgxtjEmsVT0bE9wYP2su4=
  dependencies:
    ms "2.1.2"

delayed-stream@~1.0.0:
  version "1.0.0"
  resolved "https://npm.oneitfarm.com/delayed-stream/-/delayed-stream-1.0.0.tgz#df3ae199acadfb7d440aaae0b29e2272b24ec619"
  integrity sha1-3zrhmayt+31ECqrgsp4icrJOxhk=

diff@^4.0.1:
  version "4.0.2"
  resolved "https://npm.oneitfarm.com/diff/-/diff-4.0.2.tgz#60f3aecb89d5fae520c11aa19efc2bb982aade7d"
  integrity sha1-YPOuy4nV+uUgwRqhnvwruYKq3n0=

dom-serializer@^1.0.1, dom-serializer@~1.2.0:
  version "1.2.0"
  resolved "https://npm.oneitfarm.com/dom-serializer/-/dom-serializer-1.2.0.tgz#3433d9136aeb3c627981daa385fc7f32d27c48f1"
  integrity sha1-NDPZE2rrPGJ5gdqjhfx/MtJ8SPE=
  dependencies:
    domelementtype "^2.0.1"
    domhandler "^4.0.0"
    entities "^2.0.0"

domelementtype@^2.0.1, domelementtype@^2.1.0:
  version "2.1.0"
  resolved "https://npm.oneitfarm.com/domelementtype/-/domelementtype-2.1.0.tgz#a851c080a6d1c3d94344aed151d99f669edf585e"
  integrity sha1-qFHAgKbRw9lDRK7RUdmfZp7fWF4=

domhandler@^4.0.0:
  version "4.0.0"
  resolved "https://npm.oneitfarm.com/domhandler/-/domhandler-4.0.0.tgz#01ea7821de996d85f69029e81fa873c21833098e"
  integrity sha1-Aep4Id6ZbYX2kCnoH6hzwhgzCY4=
  dependencies:
    domelementtype "^2.1.0"

domutils@^2.4.3, domutils@^2.4.4:
  version "2.4.4"
  resolved "https://npm.oneitfarm.com/domutils/-/domutils-2.4.4.tgz#282739c4b150d022d34699797369aad8d19bbbd3"
  integrity sha1-KCc5xLFQ0CLTRpl5c2mq2NGbu9M=
  dependencies:
    dom-serializer "^1.0.1"
    domelementtype "^2.0.1"
    domhandler "^4.0.0"

entities@^2.0.0:
  version "2.2.0"
  resolved "https://npm.oneitfarm.com/entities/-/entities-2.2.0.tgz#098dc90ebb83d8dffa089d55256b351d34c4da55"
  integrity sha1-CY3JDruD2N/6CJ1VJWs1HTTE2lU=

entities@~2.1.0:
  version "2.1.0"
  resolved "https://npm.oneitfarm.com/entities/-/entities-2.1.0.tgz#992d3129cf7df6870b96c57858c249a120f8b8b5"
  integrity sha1-mS0xKc999ocLlsV4WMJJoSD4uLU=

fast-safe-stringify@^2.0.7:
  version "2.0.7"
  resolved "https://npm.oneitfarm.com/fast-safe-stringify/-/fast-safe-stringify-2.0.7.tgz#124aa885899261f68aedb42a7c080de9da608743"
  integrity sha1-EkqohYmSYfaK7bQqfAgN6dpgh0M=

form-data@^3.0.0:
  version "3.0.0"
  resolved "https://npm.oneitfarm.com/form-data/-/form-data-3.0.0.tgz#31b7e39c85f1355b7139ee0c647cf0de7f83c682"
  integrity sha1-MbfjnIXxNVtxOe4MZHzw3n+DxoI=
  dependencies:
    asynckit "^0.4.0"
    combined-stream "^1.0.8"
    mime-types "^2.1.12"

formidable@^1.2.2:
  version "1.2.2"
  resolved "https://npm.oneitfarm.com/formidable/-/formidable-1.2.2.tgz#bf69aea2972982675f00865342b982986f6b8dd9"
  integrity sha1-v2muopcpgmdfAIZTQrmCmG9rjdk=

htmlparser2@^6.0.0:
  version "6.0.0"
  resolved "https://npm.oneitfarm.com/htmlparser2/-/htmlparser2-6.0.0.tgz#c2da005030390908ca4c91e5629e418e0665ac01"
  integrity sha1-wtoAUDA5CQjKTJHlYp5BjgZlrAE=
  dependencies:
    domelementtype "^2.0.1"
    domhandler "^4.0.0"
    domutils "^2.4.4"
    entities "^2.0.0"

inherits@^2.0.3:
  version "2.0.4"
  resolved "https://npm.oneitfarm.com/inherits/-/inherits-2.0.4.tgz#0fa2c64f932917c3433a0ded55363aae37416b7c"
  integrity sha1-D6LGT5MpF8NDOg3tVTY6rjdBa3w=

lru-cache@^6.0.0:
  version "6.0.0"
  resolved "https://npm.oneitfarm.com/lru-cache/-/lru-cache-6.0.0.tgz#6d6fe6570ebd96aaf90fcad1dafa3b2566db3a94"
  integrity sha1-bW/mVw69lqr5D8rR2vo7JWbbOpQ=
  dependencies:
    yallist "^4.0.0"

make-error@^1.1.1:
  version "1.3.6"
  resolved "https://npm.oneitfarm.com/make-error/-/make-error-1.3.6.tgz#2eb2e37ea9b67c4891f684a1394799af484cf7a2"
  integrity sha1-LrLjfqm2fEiR9oShOUeZr0hM96I=

methods@^1.1.2:
  version "1.1.2"
  resolved "https://npm.oneitfarm.com/methods/-/methods-1.1.2.tgz#5529a4d67654134edcc5266656835b0f851afcee"
  integrity sha1-VSmk1nZUE07cxSZmVoNbD4Ua/O4=

mime-db@1.45.0:
  version "1.45.0"
  resolved "https://npm.oneitfarm.com/mime-db/-/mime-db-1.45.0.tgz#cceeda21ccd7c3a745eba2decd55d4b73e7879ea"
  integrity sha1-zO7aIczXw6dF66LezVXUtz54eeo=

mime-types@^2.1.12:
  version "2.1.28"
  resolved "https://npm.oneitfarm.com/mime-types/-/mime-types-2.1.28.tgz#1160c4757eab2c5363888e005273ecf79d2a0ecd"
  integrity sha1-EWDEdX6rLFNjiI4AUnPs950qDs0=
  dependencies:
    mime-db "1.45.0"

mime@^2.4.6:
  version "2.5.0"
  resolved "https://npm.oneitfarm.com/mime/-/mime-2.5.0.tgz#2b4af934401779806ee98026bb42e8c1ae1876b1"
  integrity sha1-K0r5NEAXeYBu6YAmu0Lowa4YdrE=

ms@2.1.2:
  version "2.1.2"
  resolved "https://npm.oneitfarm.com/ms/-/ms-2.1.2.tgz#d09d1f357b443f493382a8eb3ccd183872ae6009"
  integrity sha1-0J0fNXtEP0kzgqjrPM0YOHKuYAk=

nth-check@^2.0.0:
  version "2.0.0"
  resolved "https://npm.oneitfarm.com/nth-check/-/nth-check-2.0.0.tgz#1bb4f6dac70072fc313e8c9cd1417b5074c0a125"
  integrity sha1-G7T22scAcvwxPoyc0UF7UHTAoSU=
  dependencies:
    boolbase "^1.0.0"

parse5-htmlparser2-tree-adapter@^6.0.0:
  version "6.0.1"
  resolved "https://npm.oneitfarm.com/parse5-htmlparser2-tree-adapter/-/parse5-htmlparser2-tree-adapter-6.0.1.tgz#2cdf9ad823321140370d4dbf5d3e92c7c8ddc6e6"
  integrity sha1-LN+a2CMyEUA3DU2/XT6Sx8jdxuY=
  dependencies:
    parse5 "^6.0.1"

parse5@^6.0.0, parse5@^6.0.1:
  version "6.0.1"
  resolved "https://npm.oneitfarm.com/parse5/-/parse5-6.0.1.tgz#e1a1c085c569b3dc08321184f19a39cc27f7c30b"
  integrity sha1-4aHAhcVps9wIMhGE8Zo5zCf3wws=

qs@^6.9.4:
  version "6.9.6"
  resolved "https://npm.oneitfarm.com/qs/-/qs-6.9.6.tgz#26ed3c8243a431b2924aca84cc90471f35d5a0ee"
  integrity sha1-Ju08gkOkMbKSSsqEzJBHHzXVoO4=

readable-stream@^3.6.0:
  version "3.6.0"
  resolved "https://npm.oneitfarm.com/readable-stream/-/readable-stream-3.6.0.tgz#337bbda3adc0706bd3e024426a286d4b4b2c9198"
  integrity sha1-M3u9o63AcGvT4CRCaihtS0sskZg=
  dependencies:
    inherits "^2.0.3"
    string_decoder "^1.1.1"
    util-deprecate "^1.0.1"

safe-buffer@~5.2.0:
  version "5.2.1"
  resolved "https://npm.oneitfarm.com/safe-buffer/-/safe-buffer-5.2.1.tgz#1eaf9fa9bdb1fdd4ec75f58f9cdb4e6b7827eec6"
  integrity sha1-Hq+fqb2x/dTsdfWPnNtOa3gn7sY=

semver@^7.3.2:
  version "7.3.4"
  resolved "https://npm.oneitfarm.com/semver/-/semver-7.3.4.tgz#27aaa7d2e4ca76452f98d3add093a72c943edc97"
  integrity sha1-J6qn0uTKdkUvmNOt0JOnLJQ+3Jc=
  dependencies:
    lru-cache "^6.0.0"

source-map-support@^0.5.17:
  version "0.5.19"
  resolved "https://npm.oneitfarm.com/source-map-support/-/source-map-support-0.5.19.tgz#a98b62f86dcaf4f67399648c085291ab9e8fed61"
  integrity sha1-qYti+G3K9PZzmWSMCFKRq56P7WE=
  dependencies:
    buffer-from "^1.0.0"
    source-map "^0.6.0"

source-map@^0.6.0:
  version "0.6.1"
  resolved "https://npm.oneitfarm.com/source-map/-/source-map-0.6.1.tgz#74722af32e9614e9c287a8d0bbde48b5e2f1a263"
  integrity sha512-UjgapumWlbMhkBgzT7Ykc5YXUT46F0iKu8SGXq0bcwP5dz/h0Plj6enJqjz1Zbq2l5WaqYnrVbwWOWMyF3F47g==

string_decoder@^1.1.1:
  version "1.3.0"
  resolved "https://npm.oneitfarm.com/string_decoder/-/string_decoder-1.3.0.tgz#42f114594a46cf1a8e30b0a84f56c78c3edac21e"
  integrity sha1-QvEUWUpGzxqOMLCoT1bHjD7awh4=
  dependencies:
    safe-buffer "~5.2.0"

superagent@^5.1.1:
  version "5.3.1"
  resolved "https://npm.oneitfarm.com/superagent/-/superagent-5.3.1.tgz#d62f3234d76b8138c1320e90fa83dc1850ccabf1"
  integrity sha1-1i8yNNdrgTjBMg6Q+oPcGFDMq/E=
  dependencies:
    component-emitter "^1.3.0"
    cookiejar "^2.1.2"
    debug "^4.1.1"
    fast-safe-stringify "^2.0.7"
    form-data "^3.0.0"
    formidable "^1.2.2"
    methods "^1.1.2"
    mime "^2.4.6"
    qs "^6.9.4"
    readable-stream "^3.6.0"
    semver "^7.3.2"

ts-node@^8.5.2:
  version "8.10.2"
  resolved "https://npm.oneitfarm.com/ts-node/-/ts-node-8.10.2.tgz#eee03764633b1234ddd37f8db9ec10b75ec7fb8d"
  integrity sha1-7uA3ZGM7EjTd03+NuewQt17H+40=
  dependencies:
    arg "^4.1.0"
    diff "^4.0.1"
    make-error "^1.1.1"
    source-map-support "^0.5.17"
    yn "3.1.1"

typescript@^3.7.2:
  version "3.9.9"
  resolved "https://npm.oneitfarm.com/typescript/-/typescript-3.9.9.tgz#e69905c54bc0681d0518bd4d587cc6f2d0b1a674"
  integrity sha1-5pkFxUvAaB0FGL1NWHzG8tCxpnQ=

util-deprecate@^1.0.1:
  version "1.0.2"
  resolved "https://npm.oneitfarm.com/util-deprecate/-/util-deprecate-1.0.2.tgz#450d4dc9fa70de732762fbd2d4a28981419a0ccf"
  integrity sha1-RQ1Nyfpw3nMnYvvS1KKJgUGaDM8=

yallist@^4.0.0:
  version "4.0.0"
  resolved "https://npm.oneitfarm.com/yallist/-/yallist-4.0.0.tgz#9bb92790d9c0effec63be73519e11a35019a3a72"
  integrity sha1-m7knkNnA7/7GO+c1GeEaNQGaOnI=

yn@3.1.1:
  version "3.1.1"
  resolved "https://npm.oneitfarm.com/yn/-/yn-3.1.1.tgz#1e87401a09d767c1d5eab26a6e4c185182d2eb50"
  integrity sha1-HodAGgnXZ8HV6rJqbkwYUYLS61A=
